// !$*UTF8*$!
{
	archiveVersion = 1;
	classes = {
	};
	objectVersion = 46;
	objects = {

/* Begin PBXBuildFile section */
		08AD479D1BAB10AA006F22DF /* PlayUserSoundViewController.swift in Sources */ = {isa = PBXBuildFile; fileRef = 08AD479C1BAB10AA006F22DF /* PlayUserSoundViewController.swift */; };
		08AD479F1BAB37EE006F22DF /* movie_quote.mp3 in Resources */ = {isa = PBXBuildFile; fileRef = 08AD479E1BAB37EE006F22DF /* movie_quote.mp3 */; };
		08AD47A11BAB380E006F22DF /* test.mp3 in Resources */ = {isa = PBXBuildFile; fileRef = 08AD47A01BAB380E006F22DF /* test.mp3 */; };
		08D793211BA9E98900E25E1E /* AppDelegate.swift in Sources */ = {isa = PBXBuildFile; fileRef = 08D793201BA9E98900E25E1E /* AppDelegate.swift */; };
		08D793231BA9E98900E25E1E /* ViewController.swift in Sources */ = {isa = PBXBuildFile; fileRef = 08D793221BA9E98900E25E1E /* ViewController.swift */; };
		08D793261BA9E98900E25E1E /* Main.storyboard in Resources */ = {isa = PBXBuildFile; fileRef = 08D793241BA9E98900E25E1E /* Main.storyboard */; };
		08D793281BA9E98900E25E1E /* Images.xcassets in Resources */ = {isa = PBXBuildFile; fileRef = 08D793271BA9E98900E25E1E /* Images.xcassets */; };
		08D7932B1BA9E98900E25E1E /* LaunchScreen.xib in Resources */ = {isa = PBXBuildFile; fileRef = 08D793291BA9E98900E25E1E /* LaunchScreen.xib */; };
		08D793371BA9E98900E25E1E /* Pitch_PerfectTests.swift in Sources */ = {isa = PBXBuildFile; fileRef = 08D793361BA9E98900E25E1E /* Pitch_PerfectTests.swift */; };
/* End PBXBuildFile section */

/* Begin PBXContainerItemProxy section */
		08D793311BA9E98900E25E1E /* PBXContainerItemProxy */ = {
			isa = PBXContainerItemProxy;
			containerPortal = 08D793131BA9E98900E25E1E /* Project object */;
			proxyType = 1;
			remoteGlobalIDString = 08D7931A1BA9E98900E25E1E;
			remoteInfo = "Pitch Perfect";
		};
/* End PBXContainerItemProxy section */

/* Begin PBXFileReference section */
		08AD479C1BAB10AA006F22DF /* PlayUserSoundViewController.swift */ = {isa = PBXFileReference; fileEncoding = 4; lastKnownFileType = sourcecode.swift; path = PlayUserSoundViewController.swift; sourceTree = "<group>"; };
		08AD479E1BAB37EE006F22DF /* movie_quote.mp3 */ = {isa = PBXFileReference; lastKnownFileType = audio.mp3; path = movie_quote.mp3; sourceTree = "<group>"; };
		08AD47A01BAB380E006F22DF /* test.mp3 */ = {isa = PBXFileReference; lastKnownFileType = audio.mp3; path = test.mp3; sourceTree = "<group>"; };
		08D7931B1BA9E98900E25E1E /* Pitch Perfect.app */ = {isa = PBXFileReference; explicitFileType = wrapper.application; includeInIndex = 0; path = "Pitch Perfect.app"; sourceTree = BUILT_PRODUCTS_DIR; };
		08D7931F1BA9E98900E25E1E /* Info.plist */ = {isa = PBXFileReference; lastKnownFileType = text.plist.xml; path = Info.plist; sourceTree = "<group>"; };
		08D793201BA9E98900E25E1E /* AppDelegate.swift */ = {isa = PBXFileReference; lastKnownFileType = sourcecode.swift; path = AppDelegate.swift; sourceTree = "<group>"; };
		08D793221BA9E98900E25E1E /* ViewController.swift */ = {isa = PBXFileReference; lastKnownFileType = sourcecode.swift; path = ViewController.swift; sourceTree = "<group>"; };
		08D793251BA9E98900E25E1E /* Base */ = {isa = PBXFileReference; lastKnownFileType = file.storyboard; name = Base; path = Base.lproj/Main.storyboard; sourceTree = "<group>"; };
		08D793271BA9E98900E25E1E /* Images.xcassets */ = {isa = PBXFileReference; lastKnownFileType = folder.assetcatalog; path = Images.xcassets; sourceTree = "<group>"; };
		08D7932A1BA9E98900E25E1E /* Base */ = {isa = PBXFileReference; lastKnownFileType = file.xib; name = Base; path = Base.lproj/LaunchScreen.xib; sourceTree = "<group>"; };
		08D793301BA9E98900E25E1E /* Pitch PerfectTests.xctest */ = {isa = PBXFileReference; explicitFileType = wrapper.cfbundle; includeInIndex = 0; path = "Pitch PerfectTests.xctest"; sourceTree = BUILT_PRODUCTS_DIR; };
		08D793351BA9E98900E25E1E /* Info.plist */ = {isa = PBXFileReference; lastKnownFileType = text.plist.xml; path = Info.plist; sourceTree = "<group>"; };
		08D793361BA9E98900E25E1E /* Pitch_PerfectTests.swift */ = {isa = PBXFileReference; lastKnownFileType = sourcecode.swift; path = Pitch_PerfectTests.swift; sourceTree = "<group>"; };
/* End PBXFileReference section */

/* Begin PBXFrameworksBuildPhase section */
		08D793181BA9E98900E25E1E /* Frameworks */ = {
			isa = PBXFrameworksBuildPhase;
			buildActionMask = 2147483647;
			files = (
			);
			runOnlyForDeploymentPostprocessing = 0;
		};
		08D7932D1BA9E98900E25E1E /* Frameworks */ = {
			isa = PBXFrameworksBuildPhase;
			buildActionMask = 2147483647;
			files = (
			);
			runOnlyForDeploymentPostprocessing = 0;
		};
/* End PBXFrameworksBuildPhase section */

/* Begin PBXGroup section */
		08D793121BA9E98900E25E1E = {
			isa = PBXGroup;
			children = (
				08D7931D1BA9E98900E25E1E /* Pitch Perfect */,
				08D793331BA9E98900E25E1E /* Pitch PerfectTests */,
				08D7931C1BA9E98900E25E1E /* Products */,
			);
			sourceTree = "<group>";
		};
		08D7931C1BA9E98900E25E1E /* Products */ = {
			isa = PBXGroup;
			children = (
				08D7931B1BA9E98900E25E1E /* Pitch Perfect.app */,
				08D793301BA9E98900E25E1E /* Pitch PerfectTests.xctest */,
			);
			name = Products;
			sourceTree = "<group>";
		};
		08D7931D1BA9E98900E25E1E /* Pitch Perfect */ = {
			isa = PBXGroup;
			children = (
				08D793201BA9E98900E25E1E /* AppDelegate.swift */,
				08D793221BA9E98900E25E1E /* ViewController.swift */,
				08AD47A01BAB380E006F22DF /* test.mp3 */,
				08D793241BA9E98900E25E1E /* Main.storyboard */,
				08AD479C1BAB10AA006F22DF /* PlayUserSoundViewController.swift */,
				08D793271BA9E98900E25E1E /* Images.xcassets */,
				08D793291BA9E98900E25E1E /* LaunchScreen.xib */,
				08D7931E1BA9E98900E25E1E /* Supporting Files */,
			);
			path = "Pitch Perfect";
			sourceTree = "<group>";
		};
		08D7931E1BA9E98900E25E1E /* Supporting Files */ = {
			isa = PBXGroup;
			children = (
				08AD479E1BAB37EE006F22DF /* movie_quote.mp3 */,
				08D7931F1BA9E98900E25E1E /* Info.plist */,
			);
			name = "Supporting Files";
			sourceTree = "<group>";
		};
		08D793331BA9E98900E25E1E /* Pitch PerfectTests */ = {
			isa = PBXGroup;
			children = (
				08D793361BA9E98900E25E1E /* Pitch_PerfectTests.swift */,
				08D793341BA9E98900E25E1E /* Supporting Files */,
			);
			path = "Pitch PerfectTests";
			sourceTree = "<group>";
		};
		08D793341BA9E98900E25E1E /* Supporting Files */ = {
			isa = PBXGroup;
			children = (
				08D793351BA9E98900E25E1E /* Info.plist */,
			);
			name = "Supporting Files";
			sourceTree = "<group>";
		};
/* End PBXGroup section */

/* Begin PBXNativeTarget section */
		08D7931A1BA9E98900E25E1E /* Pitch Perfect */ = {
			isa = PBXNativeTarget;
			buildConfigurationList = 08D7933A1BA9E98900E25E1E /* Build configuration list for PBXNativeTarget "Pitch Perfect" */;
			buildPhases = (
				08D793171BA9E98900E25E1E /* Sources */,
				08D793181BA9E98900E25E1E /* Frameworks */,
				08D793191BA9E98900E25E1E /* Resources */,
			);
			buildRules = (
			);
			dependencies = (
			);
			name = "Pitch Perfect";
			productName = "Pitch Perfect";
			productReference = 08D7931B1BA9E98900E25E1E /* Pitch Perfect.app */;
			productType = "com.apple.product-type.application";
		};
		08D7932F1BA9E98900E25E1E /* Pitch PerfectTests */ = {
			isa = PBXNativeTarget;
			buildConfigurationList = 08D7933D1BA9E98900E25E1E /* Build configuration list for PBXNativeTarget "Pitch PerfectTests" */;
			buildPhases = (
				08D7932C1BA9E98900E25E1E /* Sources */,
				08D7932D1BA9E98900E25E1E /* Frameworks */,
				08D7932E1BA9E98900E25E1E /* Resources */,
			);
			buildRules = (
			);
			dependencies = (
				08D793321BA9E98900E25E1E /* PBXTargetDependency */,
			);
			name = "Pitch PerfectTests";
			productName = "Pitch PerfectTests";
			productReference = 08D793301BA9E98900E25E1E /* Pitch PerfectTests.xctest */;
			productType = "com.apple.product-type.bundle.unit-test";
		};
/* End PBXNativeTarget section */

/* Begin PBXProject section */
		08D793131BA9E98900E25E1E /* Project object */ = {
			isa = PBXProject;
			attributes = {
				LastUpgradeCheck = 0640;
				ORGANIZATIONNAME = "Rudradev Roy";
				TargetAttributes = {
					08D7931A1BA9E98900E25E1E = {
						CreatedOnToolsVersion = 6.4;
					};
					08D7932F1BA9E98900E25E1E = {
						CreatedOnToolsVersion = 6.4;
						TestTargetID = 08D7931A1BA9E98900E25E1E;
					};
				};
			};
			buildConfigurationList = 08D793161BA9E98900E25E1E /* Build configuration list for PBXProject "Pitch Perfect" */;
			compatibilityVersion = "Xcode 3.2";
			developmentRegion = English;
			hasScannedForEncodings = 0;
			knownRegions = (
				en,
				Base,
			);
			mainGroup = 08D793121BA9E98900E25E1E;
			productRefGroup = 08D7931C1BA9E98900E25E1E /* Products */;
			projectDirPath = "";
			projectRoot = "";
			targets = (
				08D7931A1BA9E98900E25E1E /* Pitch Perfect */,
				08D7932F1BA9E98900E25E1E /* Pitch PerfectTests */,
			);
		};
/* End PBXProject section */

/* Begin PBXResourcesBuildPhase section */
		08D793191BA9E98900E25E1E /* Resources */ = {
			isa = PBXResourcesBuildPhase;
			buildActionMask = 2147483647;
			files = (
				08AD47A11BAB380E006F22DF /* test.mp3 in Resources */,
				08D793261BA9E98900E25E1E /* Main.storyboard in Resources */,
				08D7932B1BA9E98900E25E1E /* LaunchScreen.xib in Resources */,
				08AD479F1BAB37EE006F22DF /* movie_quote.mp3 in Resources */,
				08D793281BA9E98900E25E1E /* Images.xcassets in Resources */,
			);
			runOnlyForDeploymentPostprocessing = 0;
		};
		08D7932E1BA9E98900E25E1E /* Resources */ = {
			isa = PBXResourcesBuildPhase;
			buildActionMask = 2147483647;
			files = (
			);
			runOnlyForDeploymentPostprocessing = 0;
		};
/* End PBXResourcesBuildPhase section */

/* Begin PBXSourcesBuildPhase section */
		08D793171BA9E98900E25E1E /* Sources */ = {
			isa = PBXSourcesBuildPhase;
			buildActionMask = 2147483647;
			files = (
				08D793231BA9E98900E25E1E /* ViewController.swift in Sources */,
				08D793211BA9E98900E25E1E /* AppDelegate.swift in Sources */,
				08AD479D1BAB10AA006F22DF /* PlayUserSoundViewController.swift in Sources */,
			);
			runOnlyForDeploymentPostprocessing = 0;
		};
		08D7932C1BA9E98900E25E1E /* Sources */ = {
			isa = PBXSourcesBuildPhase;
			buildActionMask = 2147483647;
			files = (
				08D793371BA9E98900E25E1E /* Pitch_PerfectTests.swift in Sources */,
			);
			runOnlyForDeploymentPostprocessing = 0;
		};
/* End PBXSourcesBuildPhase section */

/* Begin PBXTargetDependency section */
		08D793321BA9E98900E25E1E /* PBXTargetDependency */ = {
			isa = PBXTargetDependency;
			target = 08D7931A1BA9E98900E25E1E /* Pitch Perfect */;
			targetProxy = 08D793311BA9E98900E25E1E /* PBXContainerItemProxy */;
		};
/* End PBXTargetDependency section */

/* Begin PBXVariantGroup section */
		08D793241BA9E98900E25E1E /* Main.storyboard */ = {
			isa = PBXVariantGroup;
			children = (
				08D793251BA9E98900E25E1E /* Base */,
			);
			name = Main.storyboard;
			sourceTree = "<group>";
		};
		08D793291BA9E98900E25E1E /* LaunchScreen.xib */ = {
			isa = PBXVariantGroup;
			children = (
				08D7932A1BA9E98900E25E1E /* Base */,
			);
			name = LaunchScreen.xib;
			sourceTree = "<group>";
		};
/* End PBXVariantGroup section */

/* Begin XCBuildConfiguration section */
		08D793381BA9E98900E25E1E /* Debug */ = {
			isa = XCBuildConfiguration;
			buildSettings = {
				ALWAYS_SEARCH_USER_PATHS = NO;
				CLANG_CXX_LANGUAGE_STANDARD = "gnu++0x";
				CLANG_CXX_LIBRARY = "libc++";
				CLANG_ENABLE_MODULES = YES;
				CLANG_ENABLE_OBJC_ARC = YES;
				CLANG_WARN_BOOL_CONVERSION = YES;
				CLANG_WARN_CONSTANT_CONVERSION = YES;
				CLANG_WARN_DIRECT_OBJC_ISA_USAGE = YES_ERROR;
				CLANG_WARN_EMPTY_BODY = YES;
				CLANG_WARN_ENUM_CONVERSION = YES;
				CLANG_WARN_INT_CONVERSION = YES;
				CLANG_WARN_OBJC_ROOT_CLASS = YES_ERROR;
				CLANG_WARN_UNREACHABLE_CODE = YES;
				CLANG_WARN__DUPLICATE_METHOD_MATCH = YES;
				"CODE_SIGN_IDENTITY[sdk=iphoneos*]" = "iPhone Developer";
				COPY_PHASE_STRIP = NO;
				DEBUG_INFORMATION_FORMAT = "dwarf-with-dsym";
				ENABLE_STRICT_OBJC_MSGSEND = YES;
				GCC_C_LANGUAGE_STANDARD = gnu99;
				GCC_DYNAMIC_NO_PIC = NO;
				GCC_NO_COMMON_BLOCKS = YES;
				GCC_OPTIMIZATION_LEVEL = 0;
				GCC_PREPROCESSOR_DEFINITIONS = (
					"DEBUG=1",
					"$(inherited)",
				);
				GCC_SYMBOLS_PRIVATE_EXTERN = NO;
				GCC_WARN_64_TO_32_BIT_CONVERSION = YES;
				GCC_WARN_ABOUT_RETURN_TYPE = YES_ERROR;
				GCC_WARN_UNDECLARED_SELECTOR = YES;
				GCC_WARN_UNINITIALIZED_AUTOS = YES_AGGRESSIVE;
				GCC_WARN_UNUSED_FUNCTION = YES;
				GCC_WARN_UNUSED_VARIABLE = YES;
				IPHONEOS_DEPLOYMENT_TARGET = 8.4;
				MTL_ENABLE_DEBUG_INFO = YES;
				ONLY_ACTIVE_ARCH = YES;
				SDKROOT = iphoneos;
				SWIFT_OPTIMIZATION_LEVEL = "-Onone";
			};
			name = Debug;
		};
		08D793391BA9E98900E25E1E /* Release */ = {
			isa = XCBuildConfiguration;
			buildSettings = {
				ALWAYS_SEARCH_USER_PATHS = NO;
				CLANG_CXX_LANGUAGE_STANDARD = "gnu++0x";
				CLANG_CXX_LIBRARY = "libc++";
				CLANG_ENABLE_MODULES = YES;
				CLANG_ENABLE_OBJC_ARC = YES;
				CLANG_WARN_BOOL_CONVERSION = YES;
				CLANG_WARN_CONSTANT_CONVERSION = YES;
				CLANG_WARN_DIRECT_OBJC_ISA_USAGE = YES_ERROR;
				CLANG_WARN_EMPTY_BODY = YES;
				CLANG_WARN_ENUM_CONVERSION = YES;
				CLANG_WARN_INT_CONVERSION = YES;
				CLANG_WARN_OBJC_ROOT_CLASS = YES_ERROR;
				CLANG_WARN_UNREACHABLE_CODE = YES;
				CLANG_WARN__DUPLICATE_METHOD_MATCH = YES;
				"CODE_SIGN_IDENTITY[sdk=iphoneos*]" = "iPhone Developer";
				COPY_PHASE_STRIP = NO;
				DEBUG_INFORMATION_FORMAT = "dwarf-with-dsym";
				ENABLE_NS_ASSERTIONS = NO;
				ENABLE_STRICT_OBJC_MSGSEND = YES;
				GCC_C_LANGUAGE_STANDARD = gnu99;
				GCC_NO_COMMON_BLOCKS = YES;
				GCC_WARN_64_TO_32_BIT_CONVERSION = YES;
				GCC_WARN_ABOUT_RETURN_TYPE = YES_ERROR;
				GCC_WARN_UNDECLARED_SELECTOR = YES;
				GCC_WARN_UNINITIALIZED_AUTOS = YES_AGGRESSIVE;
				GCC_WARN_UNUSED_FUNCTION = YES;
				GCC_WARN_UNUSED_VARIABLE = YES;
				IPHONEOS_DEPLOYMENT_TARGET = 8.4;
				MTL_ENABLE_DEBUG_INFO = NO;
				SDKROOT = iphoneos;
				VALIDATE_PRODUCT = YES;
			};
			name = Release;
		};
		08D7933B1BA9E98900E25E1E /* Debug */ = {
			isa = XCBuildConfiguration;
			buildSettings = {
				ASSETCATALOG_COMPILER_APPICON_NAME = AppIcon;
				INFOPLIST_FILE = "Pitch Perfect/Info.plist";
				LD_RUNPATH_SEARCH_PATHS = "$(inherited) @executable_path/Frameworks";
				PRODUCT_NAME = "$(TARGET_NAME)";
			};
			name = Debug;
		};
		08D7933C1BA9E98900E25E1E /* Release */ = {
			isa = XCBuildConfiguration;
			buildSettings = {
				ASSETCATALOG_COMPILER_APPICON_NAME = AppIcon;
				INFOPLIST_FILE = "Pitch Perfect/Info.plist";
				LD_RUNPATH_SEARCH_PATHS = "$(inherited) @executable_path/Frameworks";
				PRODUCT_NAME = "$(TARGET_NAME)";
			};
			name = Release;
		};
		08D7933E1BA9E98900E25E1E /* Debug */ = {
			isa = XCBuildConfiguration;
			buildSettings = {
				BUNDLE_LOADER = "$(TEST_HOST)";
				FRAMEWORK_SEARCH_PATHS = (
					"$(SDKROOT)/Developer/Library/Frameworks",
					"$(inherited)",
				);
				GCC_PREPROCESSOR_DEFINITIONS = (
					"DEBUG=1",
					"$(inherited)",
				);
				INFOPLIST_FILE = "Pitch PerfectTests/Info.plist";
				LD_RUNPATH_SEARCH_PATHS = "$(inherited) @executable_path/Frameworks @loader_path/Frameworks";
				PRODUCT_NAME = "$(TARGET_NAME)";
				TEST_HOST = "$(BUILT_PRODUCTS_DIR)/Pitch Perfect.app/Pitch Perfect";
			};
			name = Debug;
		};
		08D7933F1BA9E98900E25E1E /* Release */ = {
			isa = XCBuildConfiguration;
			buildSettings = {
				BUNDLE_LOADER = "$(TEST_HOST)";
				FRAMEWORK_SEARCH_PATHS = (
					"$(SDKROOT)/Developer/Library/Frameworks",
					"$(inherited)",
				);
				INFOPLIST_FILE = "Pitch PerfectTests/Info.plist";
				LD_RUNPATH_SEARCH_PATHS = "$(inherited) @executable_path/Frameworks @loader_path/Frameworks";
				PRODUCT_NAME = "$(TARGET_NAME)";
				TEST_HOST = "$(BUILT_PRODUCTS_DIR)/Pitch Perfect.app/Pitch Perfect";
			};
			name = Release;
		};
/* End XCBuildConfiguration section */

/* Begin XCConfigurationList section */
		08D793161BA9E98900E25E1E /* Build configuration list for PBXProject "Pitch Perfect" */ = {
			isa = XCConfigurationList;
			buildConfigurations = (
				08D793381BA9E98900E25E1E /* Debug */,
				08D793391BA9E98900E25E1E /* Release */,
			);
			defaultConfigurationIsVisible = 0;
			defaultConfigurationName = Release;
		};
		08D7933A1BA9E98900E25E1E /* Build configuration list for PBXNativeTarget "Pitch Perfect" */ = {
			isa = XCConfigurationList;
			buildConfigurations = (
				08D7933B1BA9E98900E25E1E /* Debug */,
				08D7933C1BA9E98900E25E1E /* Release */,
			);
			defaultConfigurationIsVisible = 0;
			defaultConfigurationName = Release;
		};
		08D7933D1BA9E98900E25E1E /* Build configuration list for PBXNativeTarget "Pitch PerfectTests" */ = {
			isa = XCConfigurationList;
			buildConfigurations = (
				08D7933E1BA9E98900E25E1E /* Debug */,
				08D7933F1BA9E98900E25E1E /* Release */,
			);
			defaultConfigurationIsVisible = 0;
			defaultConfigurationName = Release;
		};
/* End XCConfigurationList section */
	};
	rootObject = 08D793131BA9E98900E25E1E /* Project object */;
}
